
Microsoft Visual Studio Solution File, Format Version 12.00
# Visual Studio 2013
VisualStudioVersion = 12.0.31101.0
MinimumVisualStudioVersion = 10.0.40219.1
Project("{FAE04EC0-301F-11D3-BF4B-00C04F79EFBC}") = "SimpleFactory", "SimpleFactory\SimpleFactory.csproj", "{9AE9261A-2024-4BC8-BB5E-A7D1C63D987D}"
EndProject
Project("{2150E333-8FDC-42A3-9474-1A3956D46DE8}") = "创建型", "创建型", "{1A0AB04A-459F-469A-8F53-CDC59DF41EA1}"
EndProject
Project("{2150E333-8FDC-42A3-9474-1A3956D46DE8}") = "结构型", "结构型", "{52516192-A4E2-4984-8703-913FD3B224D5}"
EndProject
Project("{2150E333-8FDC-42A3-9474-1A3956D46DE8}") = "行为型", "行为型", "{6F05D3EF-7D60-4E06-968B-BA715CEE652E}"
EndProject
Project("{2150E333-8FDC-42A3-9474-1A3956D46DE8}") = "Solution Items", "Solution Items", "{388F8563-A999-4798-9AF6-F41D61CC418F}"
	ProjectSection(SolutionItems) = preProject
		依赖倒转原则.txt = 依赖倒转原则.txt
		单一职责原则.txt = 单一职责原则.txt
		合成_聚合复用原则.txt = 合成_聚合复用原则.txt
		开放封闭原则.txt = 开放封闭原则.txt
		说明.txt = 说明.txt
		迪米特法则.txt = 迪米特法则.txt
	EndProjectSection
EndProject
Project("{FAE04EC0-301F-11D3-BF4B-00C04F79EFBC}") = "Strategy", "Strategy\Strategy.csproj", "{C81A8F74-FEA6-4F1B-86BC-000E3CF4F26E}"
EndProject
Project("{FAE04EC0-301F-11D3-BF4B-00C04F79EFBC}") = "Decorator", "Decorator\Decorator.csproj", "{C0A665C8-6336-4E9B-B396-59A4488708A0}"
EndProject
Project("{FAE04EC0-301F-11D3-BF4B-00C04F79EFBC}") = "Proxy", "Proxy\Proxy.csproj", "{A8674DEF-ABEC-41B1-B980-68B07F16D275}"
EndProject
Project("{FAE04EC0-301F-11D3-BF4B-00C04F79EFBC}") = "FactoryMethod", "FactoryMethod\FactoryMethod.csproj", "{524AAFC8-4821-4A9F-A253-4B8A65EA34C3}"
EndProject
Project("{FAE04EC0-301F-11D3-BF4B-00C04F79EFBC}") = "Prototype", "Prototype\Prototype.csproj", "{6627E41C-56E5-49FF-B463-766B4A2D93EE}"
EndProject
Project("{FAE04EC0-301F-11D3-BF4B-00C04F79EFBC}") = "TemplateMethod", "TemplateMethod\TemplateMethod.csproj", "{A58930DD-BE5F-4931-9A4D-E08777F00120}"
EndProject
Project("{FAE04EC0-301F-11D3-BF4B-00C04F79EFBC}") = "Facade", "Facade\Facade.csproj", "{17231325-4015-4D6D-8193-4F36843C7E76}"
EndProject
Project("{FAE04EC0-301F-11D3-BF4B-00C04F79EFBC}") = "Observer", "Observer\Observer.csproj", "{0BD6A477-3588-4BB3-AC95-F70BA57FCC1E}"
EndProject
Project("{FAE04EC0-301F-11D3-BF4B-00C04F79EFBC}") = "AbstractFactory", "AbstractFactory\AbstractFactory.csproj", "{17D5A35B-3CDD-4DF0-98B6-AB3F2D51628B}"
EndProject
Project("{FAE04EC0-301F-11D3-BF4B-00C04F79EFBC}") = "State", "State\State.csproj", "{59819CA8-3133-4BAD-95B7-06A4A10A19FC}"
EndProject
Project("{FAE04EC0-301F-11D3-BF4B-00C04F79EFBC}") = "Adapter", "Adapter\Adapter.csproj", "{E6F83446-4FB6-4519-992F-5171FDC97342}"
EndProject
Project("{FAE04EC0-301F-11D3-BF4B-00C04F79EFBC}") = "Memento", "Memento\Memento.csproj", "{0579998D-789A-4BA9-90BC-40527162E29F}"
EndProject
Project("{FAE04EC0-301F-11D3-BF4B-00C04F79EFBC}") = "Composite", "Composite\Composite.csproj", "{E84C57F1-0F5A-48A2-91A2-6BD5FB2371EF}"
EndProject
Project("{FAE04EC0-301F-11D3-BF4B-00C04F79EFBC}") = "Iterator", "Iterator\Iterator.csproj", "{7F3623DE-8529-4871-8284-6D5E52A70591}"
EndProject
Project("{FAE04EC0-301F-11D3-BF4B-00C04F79EFBC}") = "Singleton", "Singleton\Singleton.csproj", "{A1C5F04B-4E83-4F02-B4F4-68B297813B63}"
EndProject
Project("{FAE04EC0-301F-11D3-BF4B-00C04F79EFBC}") = "Bridge", "Bridge\Bridge.csproj", "{20ABCA60-B64C-4D15-B225-F2E68A871D49}"
EndProject
Project("{FAE04EC0-301F-11D3-BF4B-00C04F79EFBC}") = "Command", "Command\Command.csproj", "{515DAA5B-A054-4CCB-B3E1-4C2D4DAE119F}"
EndProject
Project("{FAE04EC0-301F-11D3-BF4B-00C04F79EFBC}") = "ChainOfResponsibility", "ChainOfResponsibility\ChainOfResponsibility.csproj", "{3C04A41D-D4BF-4BF6-8767-BA4AD8DD19C1}"
EndProject
Project("{FAE04EC0-301F-11D3-BF4B-00C04F79EFBC}") = "Mediator", "Mediator\Mediator.csproj", "{880EFA1C-65B2-4BFF-8213-3C089FDB5ED4}"
EndProject
Project("{FAE04EC0-301F-11D3-BF4B-00C04F79EFBC}") = "Flyweight", "Flyweight\Flyweight.csproj", "{F1F62E0D-5058-4B10-89C4-997127DD4117}"
EndProject
Project("{FAE04EC0-301F-11D3-BF4B-00C04F79EFBC}") = "Interpreter", "Interpreter\Interpreter.csproj", "{C0CB14B2-7BF2-453C-89FD-73CA3E760197}"
EndProject
Global
	GlobalSection(SolutionConfigurationPlatforms) = preSolution
		Debug|Any CPU = Debug|Any CPU
		Release|Any CPU = Release|Any CPU
	EndGlobalSection
	GlobalSection(ProjectConfigurationPlatforms) = postSolution
		{9AE9261A-2024-4BC8-BB5E-A7D1C63D987D}.Debug|Any CPU.ActiveCfg = Debug|Any CPU
		{9AE9261A-2024-4BC8-BB5E-A7D1C63D987D}.Debug|Any CPU.Build.0 = Debug|Any CPU
		{9AE9261A-2024-4BC8-BB5E-A7D1C63D987D}.Release|Any CPU.ActiveCfg = Release|Any CPU
		{9AE9261A-2024-4BC8-BB5E-A7D1C63D987D}.Release|Any CPU.Build.0 = Release|Any CPU
		{C81A8F74-FEA6-4F1B-86BC-000E3CF4F26E}.Debug|Any CPU.ActiveCfg = Debug|Any CPU
		{C81A8F74-FEA6-4F1B-86BC-000E3CF4F26E}.Debug|Any CPU.Build.0 = Debug|Any CPU
		{C81A8F74-FEA6-4F1B-86BC-000E3CF4F26E}.Release|Any CPU.ActiveCfg = Release|Any CPU
		{C81A8F74-FEA6-4F1B-86BC-000E3CF4F26E}.Release|Any CPU.Build.0 = Release|Any CPU
		{C0A665C8-6336-4E9B-B396-59A4488708A0}.Debug|Any CPU.ActiveCfg = Debug|Any CPU
		{C0A665C8-6336-4E9B-B396-59A4488708A0}.Debug|Any CPU.Build.0 = Debug|Any CPU
		{C0A665C8-6336-4E9B-B396-59A4488708A0}.Release|Any CPU.ActiveCfg = Release|Any CPU
		{C0A665C8-6336-4E9B-B396-59A4488708A0}.Release|Any CPU.Build.0 = Release|Any CPU
		{A8674DEF-ABEC-41B1-B980-68B07F16D275}.Debug|Any CPU.ActiveCfg = Debug|Any CPU
		{A8674DEF-ABEC-41B1-B980-68B07F16D275}.Debug|Any CPU.Build.0 = Debug|Any CPU
		{A8674DEF-ABEC-41B1-B980-68B07F16D275}.Release|Any CPU.ActiveCfg = Release|Any CPU
		{A8674DEF-ABEC-41B1-B980-68B07F16D275}.Release|Any CPU.Build.0 = Release|Any CPU
		{524AAFC8-4821-4A9F-A253-4B8A65EA34C3}.Debug|Any CPU.ActiveCfg = Debug|Any CPU
		{524AAFC8-4821-4A9F-A253-4B8A65EA34C3}.Debug|Any CPU.Build.0 = Debug|Any CPU
		{524AAFC8-4821-4A9F-A253-4B8A65EA34C3}.Release|Any CPU.ActiveCfg = Release|Any CPU
		{524AAFC8-4821-4A9F-A253-4B8A65EA34C3}.Release|Any CPU.Build.0 = Release|Any CPU
		{6627E41C-56E5-49FF-B463-766B4A2D93EE}.Debug|Any CPU.ActiveCfg = Debug|Any CPU
		{6627E41C-56E5-49FF-B463-766B4A2D93EE}.Debug|Any CPU.Build.0 = Debug|Any CPU
		{6627E41C-56E5-49FF-B463-766B4A2D93EE}.Release|Any CPU.ActiveCfg = Release|Any CPU
		{6627E41C-56E5-49FF-B463-766B4A2D93EE}.Release|Any CPU.Build.0 = Release|Any CPU
		{A58930DD-BE5F-4931-9A4D-E08777F00120}.Debug|Any CPU.ActiveCfg = Debug|Any CPU
		{A58930DD-BE5F-4931-9A4D-E08777F00120}.Debug|Any CPU.Build.0 = Debug|Any CPU
		{A58930DD-BE5F-4931-9A4D-E08777F00120}.Release|Any CPU.ActiveCfg = Release|Any CPU
		{A58930DD-BE5F-4931-9A4D-E08777F00120}.Release|Any CPU.Build.0 = Release|Any CPU
		{17231325-4015-4D6D-8193-4F36843C7E76}.Debug|Any CPU.ActiveCfg = Debug|Any CPU
		{17231325-4015-4D6D-8193-4F36843C7E76}.Debug|Any CPU.Build.0 = Debug|Any CPU
		{17231325-4015-4D6D-8193-4F36843C7E76}.Release|Any CPU.ActiveCfg = Release|Any CPU
		{17231325-4015-4D6D-8193-4F36843C7E76}.Release|Any CPU.Build.0 = Release|Any CPU
		{0BD6A477-3588-4BB3-AC95-F70BA57FCC1E}.Debug|Any CPU.ActiveCfg = Debug|Any CPU
		{0BD6A477-3588-4BB3-AC95-F70BA57FCC1E}.Debug|Any CPU.Build.0 = Debug|Any CPU
		{0BD6A477-3588-4BB3-AC95-F70BA57FCC1E}.Release|Any CPU.ActiveCfg = Release|Any CPU
		{0BD6A477-3588-4BB3-AC95-F70BA57FCC1E}.Release|Any CPU.Build.0 = Release|Any CPU
		{17D5A35B-3CDD-4DF0-98B6-AB3F2D51628B}.Debug|Any CPU.ActiveCfg = Debug|Any CPU
		{17D5A35B-3CDD-4DF0-98B6-AB3F2D51628B}.Debug|Any CPU.Build.0 = Debug|Any CPU
		{17D5A35B-3CDD-4DF0-98B6-AB3F2D51628B}.Release|Any CPU.ActiveCfg = Release|Any CPU
		{17D5A35B-3CDD-4DF0-98B6-AB3F2D51628B}.Release|Any CPU.Build.0 = Release|Any CPU
		{59819CA8-3133-4BAD-95B7-06A4A10A19FC}.Debug|Any CPU.ActiveCfg = Debug|Any CPU
		{59819CA8-3133-4BAD-95B7-06A4A10A19FC}.Debug|Any CPU.Build.0 = Debug|Any CPU
		{59819CA8-3133-4BAD-95B7-06A4A10A19FC}.Release|Any CPU.ActiveCfg = Release|Any CPU
		{59819CA8-3133-4BAD-95B7-06A4A10A19FC}.Release|Any CPU.Build.0 = Release|Any CPU
		{E6F83446-4FB6-4519-992F-5171FDC97342}.Debug|Any CPU.ActiveCfg = Debug|Any CPU
		{E6F83446-4FB6-4519-992F-5171FDC97342}.Debug|Any CPU.Build.0 = Debug|Any CPU
		{E6F83446-4FB6-4519-992F-5171FDC97342}.Release|Any CPU.ActiveCfg = Release|Any CPU
		{E6F83446-4FB6-4519-992F-5171FDC97342}.Release|Any CPU.Build.0 = Release|Any CPU
		{0579998D-789A-4BA9-90BC-40527162E29F}.Debug|Any CPU.ActiveCfg = Debug|Any CPU
		{0579998D-789A-4BA9-90BC-40527162E29F}.Debug|Any CPU.Build.0 = Debug|Any CPU
		{0579998D-789A-4BA9-90BC-40527162E29F}.Release|Any CPU.ActiveCfg = Release|Any CPU
		{0579998D-789A-4BA9-90BC-40527162E29F}.Release|Any CPU.Build.0 = Release|Any CPU
		{E84C57F1-0F5A-48A2-91A2-6BD5FB2371EF}.Debug|Any CPU.ActiveCfg = Debug|Any CPU
		{E84C57F1-0F5A-48A2-91A2-6BD5FB2371EF}.Debug|Any CPU.Build.0 = Debug|Any CPU
		{E84C57F1-0F5A-48A2-91A2-6BD5FB2371EF}.Release|Any CPU.ActiveCfg = Release|Any CPU
		{E84C57F1-0F5A-48A2-91A2-6BD5FB2371EF}.Release|Any CPU.Build.0 = Release|Any CPU
		{7F3623DE-8529-4871-8284-6D5E52A70591}.Debug|Any CPU.ActiveCfg = Debug|Any CPU
		{7F3623DE-8529-4871-8284-6D5E52A70591}.Debug|Any CPU.Build.0 = Debug|Any CPU
		{7F3623DE-8529-4871-8284-6D5E52A70591}.Release|Any CPU.ActiveCfg = Release|Any CPU
		{7F3623DE-8529-4871-8284-6D5E52A70591}.Release|Any CPU.Build.0 = Release|Any CPU
		{A1C5F04B-4E83-4F02-B4F4-68B297813B63}.Debug|Any CPU.ActiveCfg = Debug|Any CPU
		{A1C5F04B-4E83-4F02-B4F4-68B297813B63}.Debug|Any CPU.Build.0 = Debug|Any CPU
		{A1C5F04B-4E83-4F02-B4F4-68B297813B63}.Release|Any CPU.ActiveCfg = Release|Any CPU
		{A1C5F04B-4E83-4F02-B4F4-68B297813B63}.Release|Any CPU.Build.0 = Release|Any CPU
		{20ABCA60-B64C-4D15-B225-F2E68A871D49}.Debug|Any CPU.ActiveCfg = Debug|Any CPU
		{20ABCA60-B64C-4D15-B225-F2E68A871D49}.Debug|Any CPU.Build.0 = Debug|Any CPU
		{20ABCA60-B64C-4D15-B225-F2E68A871D49}.Release|Any CPU.ActiveCfg = Release|Any CPU
		{20ABCA60-B64C-4D15-B225-F2E68A871D49}.Release|Any CPU.Build.0 = Release|Any CPU
		{515DAA5B-A054-4CCB-B3E1-4C2D4DAE119F}.Debug|Any CPU.ActiveCfg = Debug|Any CPU
		{515DAA5B-A054-4CCB-B3E1-4C2D4DAE119F}.Debug|Any CPU.Build.0 = Debug|Any CPU
		{515DAA5B-A054-4CCB-B3E1-4C2D4DAE119F}.Release|Any CPU.ActiveCfg = Release|Any CPU
		{515DAA5B-A054-4CCB-B3E1-4C2D4DAE119F}.Release|Any CPU.Build.0 = Release|Any CPU
		{3C04A41D-D4BF-4BF6-8767-BA4AD8DD19C1}.Debug|Any CPU.ActiveCfg = Debug|Any CPU
		{3C04A41D-D4BF-4BF6-8767-BA4AD8DD19C1}.Debug|Any CPU.Build.0 = Debug|Any CPU
		{3C04A41D-D4BF-4BF6-8767-BA4AD8DD19C1}.Release|Any CPU.ActiveCfg = Release|Any CPU
		{3C04A41D-D4BF-4BF6-8767-BA4AD8DD19C1}.Release|Any CPU.Build.0 = Release|Any CPU
		{880EFA1C-65B2-4BFF-8213-3C089FDB5ED4}.Debug|Any CPU.ActiveCfg = Debug|Any CPU
		{880EFA1C-65B2-4BFF-8213-3C089FDB5ED4}.Debug|Any CPU.Build.0 = Debug|Any CPU
		{880EFA1C-65B2-4BFF-8213-3C089FDB5ED4}.Release|Any CPU.ActiveCfg = Release|Any CPU
		{880EFA1C-65B2-4BFF-8213-3C089FDB5ED4}.Release|Any CPU.Build.0 = Release|Any CPU
		{F1F62E0D-5058-4B10-89C4-997127DD4117}.Debug|Any CPU.ActiveCfg = Debug|Any CPU
		{F1F62E0D-5058-4B10-89C4-997127DD4117}.Debug|Any CPU.Build.0 = Debug|Any CPU
		{F1F62E0D-5058-4B10-89C4-997127DD4117}.Release|Any CPU.ActiveCfg = Release|Any CPU
		{F1F62E0D-5058-4B10-89C4-997127DD4117}.Release|Any CPU.Build.0 = Release|Any CPU
		{C0CB14B2-7BF2-453C-89FD-73CA3E760197}.Debug|Any CPU.ActiveCfg = Debug|Any CPU
		{C0CB14B2-7BF2-453C-89FD-73CA3E760197}.Debug|Any CPU.Build.0 = Debug|Any CPU
		{C0CB14B2-7BF2-453C-89FD-73CA3E760197}.Release|Any CPU.ActiveCfg = Release|Any CPU
		{C0CB14B2-7BF2-453C-89FD-73CA3E760197}.Release|Any CPU.Build.0 = Release|Any CPU
	EndGlobalSection
	GlobalSection(SolutionProperties) = preSolution
		HideSolutionNode = FALSE
	EndGlobalSection
	GlobalSection(NestedProjects) = preSolution
		{9AE9261A-2024-4BC8-BB5E-A7D1C63D987D} = {1A0AB04A-459F-469A-8F53-CDC59DF41EA1}
		{C81A8F74-FEA6-4F1B-86BC-000E3CF4F26E} = {6F05D3EF-7D60-4E06-968B-BA715CEE652E}
		{C0A665C8-6336-4E9B-B396-59A4488708A0} = {52516192-A4E2-4984-8703-913FD3B224D5}
		{A8674DEF-ABEC-41B1-B980-68B07F16D275} = {52516192-A4E2-4984-8703-913FD3B224D5}
		{524AAFC8-4821-4A9F-A253-4B8A65EA34C3} = {1A0AB04A-459F-469A-8F53-CDC59DF41EA1}
		{6627E41C-56E5-49FF-B463-766B4A2D93EE} = {1A0AB04A-459F-469A-8F53-CDC59DF41EA1}
		{A58930DD-BE5F-4931-9A4D-E08777F00120} = {6F05D3EF-7D60-4E06-968B-BA715CEE652E}
		{17231325-4015-4D6D-8193-4F36843C7E76} = {52516192-A4E2-4984-8703-913FD3B224D5}
		{0BD6A477-3588-4BB3-AC95-F70BA57FCC1E} = {6F05D3EF-7D60-4E06-968B-BA715CEE652E}
		{17D5A35B-3CDD-4DF0-98B6-AB3F2D51628B} = {1A0AB04A-459F-469A-8F53-CDC59DF41EA1}
		{59819CA8-3133-4BAD-95B7-06A4A10A19FC} = {6F05D3EF-7D60-4E06-968B-BA715CEE652E}
		{E6F83446-4FB6-4519-992F-5171FDC97342} = {52516192-A4E2-4984-8703-913FD3B224D5}
		{0579998D-789A-4BA9-90BC-40527162E29F} = {6F05D3EF-7D60-4E06-968B-BA715CEE652E}
		{E84C57F1-0F5A-48A2-91A2-6BD5FB2371EF} = {52516192-A4E2-4984-8703-913FD3B224D5}
		{7F3623DE-8529-4871-8284-6D5E52A70591} = {6F05D3EF-7D60-4E06-968B-BA715CEE652E}
		{A1C5F04B-4E83-4F02-B4F4-68B297813B63} = {1A0AB04A-459F-469A-8F53-CDC59DF41EA1}
		{20ABCA60-B64C-4D15-B225-F2E68A871D49} = {52516192-A4E2-4984-8703-913FD3B224D5}
		{515DAA5B-A054-4CCB-B3E1-4C2D4DAE119F} = {6F05D3EF-7D60-4E06-968B-BA715CEE652E}
		{3C04A41D-D4BF-4BF6-8767-BA4AD8DD19C1} = {6F05D3EF-7D60-4E06-968B-BA715CEE652E}
		{880EFA1C-65B2-4BFF-8213-3C089FDB5ED4} = {6F05D3EF-7D60-4E06-968B-BA715CEE652E}
		{F1F62E0D-5058-4B10-89C4-997127DD4117} = {52516192-A4E2-4984-8703-913FD3B224D5}
		{C0CB14B2-7BF2-453C-89FD-73CA3E760197} = {6F05D3EF-7D60-4E06-968B-BA715CEE652E}
	EndGlobalSection
EndGlobal
